{
  "name": "Npm_publish_package",
  "lockfileVersion": 3,
  "requires": true,
  "packages": {
    "": {
      "dependencies": {
        "procodrrrr": "^1.0.0"
      }
    },
    "node_modules/procodrrrr": {
      "version": "1.0.0",
      "resolved": "https://registry.npmjs.org/procodrrrr/-/procodrrrr-1.0.0.tgz",
      "integrity": "sha512-KbUcmW364oBrkjhY1EnwOm6dy6dufg2lvVwe1E+GYorMUB0t2bvnoyip7kaWHSilo9wjw7mc/Ewoi8zqzHbZXw=="
    }
  }
}
